{
  "version": 4,
  "terraform_version": "1.3.2",
  "serial": 3,
  "lineage": "c717ae48-0105-d079-e88b-a6ebc575f7a8",
  "outputs": {},
  "resources": [
    {
      "mode": "data",
      "type": "azurerm_client_config",
      "name": "current",
      "provider": "provider[\"registry.terraform.io/hashicorp/azurerm\"]",
      "instances": [
        {
          "schema_version": 0,
          "attributes": {
            "client_id": "04b07795-8ddb-461a-bbee-02f9e1bf7b46",
            "id": "2022-08-08 08:00:28.829893296 +0000 UTC",
            "object_id": "",
            "subscription_id": "0a63dcc5-b679-46e5-be9d-68e967fb20db",
            "tenant_id": "d8b84fb8-d456-4b71-a75a-d15966423cdb",
            "timeouts": null
          },
          "sensitive_attributes": []
        }
      ]
    },
    {
      "mode": "managed",
      "type": "azurerm_resource_group",
      "name": "tamops",
      "provider": "provider[\"registry.terraform.io/hashicorp/azurerm\"]",
      "instances": [
        {
          "schema_version": 0,
          "attributes": {
            "id": "/subscriptions/0a63dcc5-b679-46e5-be9d-68e967fb20db/resourceGroups/duly-test-wrapper-rg",
            "location": "northcentralus",
            "name": "duly-test-wrapper-rg",
            "tags": null,
            "timeouts": null
          },
          "sensitive_attributes": [],
          "private": "eyJlMmJmYjczMC1lY2FhLTExZTYtOGY4OC0zNDM2M2JjN2M0YzAiOnsiY3JlYXRlIjo1NDAwMDAwMDAwMDAwLCJkZWxldGUiOjU0MDAwMDAwMDAwMDAsInJlYWQiOjMwMDAwMDAwMDAwMCwidXBkYXRlIjo1NDAwMDAwMDAwMDAwfX0="
        }
      ]
    },
    {
      "mode": "managed",
      "type": "azurerm_storage_account",
      "name": "test",
      "provider": "provider[\"registry.terraform.io/hashicorp/azurerm\"]",
      "instances": [
        {
          "schema_version": 2,
          "attributes": {
            "access_tier": "Hot",
            "account_kind": "StorageV2",
            "account_replication_type": "LRS",
            "account_tier": "Standard",
            "allow_blob_public_access": false,
            "azure_files_authentication": [],
            "blob_properties": [
              {
                "change_feed_enabled": false,
                "container_delete_retention_policy": [],
                "cors_rule": [],
                "default_service_version": "",
                "delete_retention_policy": [],
                "last_access_time_enabled": false,
                "versioning_enabled": false
              }
            ],
            "custom_domain": [],
            "customer_managed_key": [],
            "enable_https_traffic_only": true,
            "id": "/subscriptions/0a63dcc5-b679-46e5-be9d-68e967fb20db/resourceGroups/duly-test-wrapper-rg/providers/Microsoft.Storage/storageAccounts/dulytestsa",
            "identity": [],
            "infrastructure_encryption_enabled": false,
            "is_hns_enabled": false,
            "large_file_share_enabled": null,
            "location": "northcentralus",
            "min_tls_version": "TLS1_0",
            "name": "dulytestsa",
            "network_rules": [
              {
                "bypass": [
                  "AzureServices"
                ],
                "default_action": "Allow",
                "ip_rules": [],
                "private_link_access": [],
                "virtual_network_subnet_ids": []
              }
            ],
            "nfsv3_enabled": false,
            "primary_access_key": "BVuBZX+A4Eyt7hJJc21EqHUY/acpyC0S+/kQkFlg4ZoXk0tT/gPu0s14gTZa2SGvKI/05HXlEFzf+AStPwVOpw==",
            "primary_blob_connection_string": "DefaultEndpointsProtocol=https;BlobEndpoint=https://dulytestsa.blob.core.windows.net/;AccountName=dulytestsa;AccountKey=BVuBZX+A4Eyt7hJJc21EqHUY/acpyC0S+/kQkFlg4ZoXk0tT/gPu0s14gTZa2SGvKI/05HXlEFzf+AStPwVOpw==",
            "primary_blob_endpoint": "https://dulytestsa.blob.core.windows.net/",
            "primary_blob_host": "dulytestsa.blob.core.windows.net",
            "primary_connection_string": "DefaultEndpointsProtocol=https;AccountName=dulytestsa;AccountKey=BVuBZX+A4Eyt7hJJc21EqHUY/acpyC0S+/kQkFlg4ZoXk0tT/gPu0s14gTZa2SGvKI/05HXlEFzf+AStPwVOpw==;EndpointSuffix=core.windows.net",
            "primary_dfs_endpoint": "https://dulytestsa.dfs.core.windows.net/",
            "primary_dfs_host": "dulytestsa.dfs.core.windows.net",
            "primary_file_endpoint": "https://dulytestsa.file.core.windows.net/",
            "primary_file_host": "dulytestsa.file.core.windows.net",
            "primary_location": "northcentralus",
            "primary_queue_endpoint": "https://dulytestsa.queue.core.windows.net/",
            "primary_queue_host": "dulytestsa.queue.core.windows.net",
            "primary_table_endpoint": "https://dulytestsa.table.core.windows.net/",
            "primary_table_host": "dulytestsa.table.core.windows.net",
            "primary_web_endpoint": "https://dulytestsa.z14.web.core.windows.net/",
            "primary_web_host": "dulytestsa.z14.web.core.windows.net",
            "queue_encryption_key_type": "Service",
            "queue_properties": [
              {
                "cors_rule": [],
                "hour_metrics": [
                  {
                    "enabled": true,
                    "include_apis": true,
                    "retention_policy_days": 7,
                    "version": "1.0"
                  }
                ],
                "logging": [
                  {
                    "delete": false,
                    "read": false,
                    "retention_policy_days": 0,
                    "version": "1.0",
                    "write": false
                  }
                ],
                "minute_metrics": [
                  {
                    "enabled": false,
                    "include_apis": false,
                    "retention_policy_days": 0,
                    "version": "1.0"
                  }
                ]
              }
            ],
            "resource_group_name": "duly-test-wrapper-rg",
            "routing": [],
            "secondary_access_key": "XdBrlnpW3iPxqP0SAoGXVfMBARf15uUjPdc1t45kYCsfFf2/3BXaBQG1Po/1jMaeSc95Mprb9O5U+ASt3pvp7Q==",
            "secondary_blob_connection_string": "",
            "secondary_blob_endpoint": null,
            "secondary_blob_host": null,
            "secondary_connection_string": "DefaultEndpointsProtocol=https;AccountName=dulytestsa;AccountKey=XdBrlnpW3iPxqP0SAoGXVfMBARf15uUjPdc1t45kYCsfFf2/3BXaBQG1Po/1jMaeSc95Mprb9O5U+ASt3pvp7Q==;EndpointSuffix=core.windows.net",
            "secondary_dfs_endpoint": null,
            "secondary_dfs_host": null,
            "secondary_file_endpoint": null,
            "secondary_file_host": null,
            "secondary_location": "",
            "secondary_queue_endpoint": null,
            "secondary_queue_host": null,
            "secondary_table_endpoint": null,
            "secondary_table_host": null,
            "secondary_web_endpoint": null,
            "secondary_web_host": null,
            "share_properties": [
              {
                "cors_rule": [],
                "retention_policy": [
                  {
                    "days": 7
                  }
                ],
                "smb": []
              }
            ],
            "shared_access_key_enabled": true,
            "static_website": [],
            "table_encryption_key_type": "Service",
            "tags": {
              "environment": "test"
            },
            "timeouts": null
          },
          "sensitive_attributes": [],
          "private": "eyJlMmJmYjczMC1lY2FhLTExZTYtOGY4OC0zNDM2M2JjN2M0YzAiOnsiY3JlYXRlIjozNjAwMDAwMDAwMDAwLCJkZWxldGUiOjM2MDAwMDAwMDAwMDAsInJlYWQiOjMwMDAwMDAwMDAwMCwidXBkYXRlIjozNjAwMDAwMDAwMDAwfSwic2NoZW1hX3ZlcnNpb24iOiIyIn0=",
          "dependencies": [
            "azurerm_resource_group.tamops"
          ]
        }
      ]
    }
  ],
  "check_results": null
}
