
Microsoft Visual Studio Solution File, Format Version 12.00
# Visual Studio Version 16
VisualStudioVersion = 16.0.32002.261
MinimumVisualStudioVersion = 10.0.40219.1
Project("{9A19103F-16F7-4668-BE54-9A1E7A4F7556}") = "Workflow", "Workflow\Workflow.csproj", "{FA0F6F73-8788-4F7B-8D49-1B5ED8244FF1}"
EndProject
Project("{9A19103F-16F7-4668-BE54-9A1E7A4F7556}") = "Postback", "Postback\Postback.csproj", "{2A52B70F-F57D-4D9F-A10B-FCDF44F4CD61}"
EndProject
Project("{FAE04EC0-301F-11D3-BF4B-00C04F79EFBC}") = "Common", "Common\Common.csproj", "{E0050FCA-DA9D-45B1-AAEE-6CC90E176DAC}"
EndProject
Project("{00D1A9C2-B5F0-4AF3-8072-F6C62B433612}") = "Database", "Database\Database.sqlproj", "{EF9D9DFA-6D00-4FAF-9122-713269A4E0C2}"
EndProject
Global
	GlobalSection(SolutionConfigurationPlatforms) = preSolution
		Debug|Any CPU = Debug|Any CPU
		Release|Any CPU = Release|Any CPU
	EndGlobalSection
	GlobalSection(ProjectConfigurationPlatforms) = postSolution
		{FA0F6F73-8788-4F7B-8D49-1B5ED8244FF1}.Debug|Any CPU.ActiveCfg = Debug|Any CPU
		{FA0F6F73-8788-4F7B-8D49-1B5ED8244FF1}.Debug|Any CPU.Build.0 = Debug|Any CPU
		{FA0F6F73-8788-4F7B-8D49-1B5ED8244FF1}.Release|Any CPU.ActiveCfg = Release|Any CPU
		{FA0F6F73-8788-4F7B-8D49-1B5ED8244FF1}.Release|Any CPU.Build.0 = Release|Any CPU
		{2A52B70F-F57D-4D9F-A10B-FCDF44F4CD61}.Debug|Any CPU.ActiveCfg = Debug|Any CPU
		{2A52B70F-F57D-4D9F-A10B-FCDF44F4CD61}.Debug|Any CPU.Build.0 = Debug|Any CPU
		{2A52B70F-F57D-4D9F-A10B-FCDF44F4CD61}.Release|Any CPU.ActiveCfg = Release|Any CPU
		{2A52B70F-F57D-4D9F-A10B-FCDF44F4CD61}.Release|Any CPU.Build.0 = Release|Any CPU
		{E0050FCA-DA9D-45B1-AAEE-6CC90E176DAC}.Debug|Any CPU.ActiveCfg = Debug|Any CPU
		{E0050FCA-DA9D-45B1-AAEE-6CC90E176DAC}.Debug|Any CPU.Build.0 = Debug|Any CPU
		{E0050FCA-DA9D-45B1-AAEE-6CC90E176DAC}.Release|Any CPU.ActiveCfg = Release|Any CPU
		{E0050FCA-DA9D-45B1-AAEE-6CC90E176DAC}.Release|Any CPU.Build.0 = Release|Any CPU
		{EF9D9DFA-6D00-4FAF-9122-713269A4E0C2}.Debug|Any CPU.ActiveCfg = Debug|Any CPU
		{EF9D9DFA-6D00-4FAF-9122-713269A4E0C2}.Debug|Any CPU.Build.0 = Debug|Any CPU
		{EF9D9DFA-6D00-4FAF-9122-713269A4E0C2}.Debug|Any CPU.Deploy.0 = Debug|Any CPU
		{EF9D9DFA-6D00-4FAF-9122-713269A4E0C2}.Release|Any CPU.ActiveCfg = Release|Any CPU
		{EF9D9DFA-6D00-4FAF-9122-713269A4E0C2}.Release|Any CPU.Build.0 = Release|Any CPU
		{EF9D9DFA-6D00-4FAF-9122-713269A4E0C2}.Release|Any CPU.Deploy.0 = Release|Any CPU
	EndGlobalSection
	GlobalSection(SolutionProperties) = preSolution
		HideSolutionNode = FALSE
	EndGlobalSection
	GlobalSection(ExtensibilityGlobals) = postSolution
		SolutionGuid = {9AF214A0-A09C-4586-8B23-0B8C3A2D7063}
	EndGlobalSection
EndGlobal
