
Microsoft Visual Studio Solution File, Format Version 12.00
# Visual Studio Version 16
VisualStudioVersion = 16.0.31729.503
MinimumVisualStudioVersion = 10.0.40219.1
Project("{00D1A9C2-B5F0-4AF3-8072-F6C62B433612}") = "Tests", "Tests\Tests.sqlproj", "{C31C2282-B4F6-4CA8-9C4C-1CD4017F5E4C}"
EndProject
Project("{00D1A9C2-B5F0-4AF3-8072-F6C62B433612}") = "Database", "Database\Database.sqlproj", "{EF9D9DFA-6D00-4FAF-9122-713269A4E0C2}"
EndProject
Global
	GlobalSection(SolutionConfigurationPlatforms) = preSolution
		Debug|Any CPU = Debug|Any CPU
		Release|Any CPU = Release|Any CPU
	EndGlobalSection
	GlobalSection(ProjectConfigurationPlatforms) = postSolution
		{C31C2282-B4F6-4CA8-9C4C-1CD4017F5E4C}.Debug|Any CPU.ActiveCfg = Debug|Any CPU
		{C31C2282-B4F6-4CA8-9C4C-1CD4017F5E4C}.Debug|Any CPU.Build.0 = Debug|Any CPU
		{C31C2282-B4F6-4CA8-9C4C-1CD4017F5E4C}.Debug|Any CPU.Deploy.0 = Debug|Any CPU
		{C31C2282-B4F6-4CA8-9C4C-1CD4017F5E4C}.Release|Any CPU.ActiveCfg = Release|Any CPU
		{C31C2282-B4F6-4CA8-9C4C-1CD4017F5E4C}.Release|Any CPU.Build.0 = Release|Any CPU
		{C31C2282-B4F6-4CA8-9C4C-1CD4017F5E4C}.Release|Any CPU.Deploy.0 = Release|Any CPU
		{EF9D9DFA-6D00-4FAF-9122-713269A4E0C2}.Debug|Any CPU.ActiveCfg = Debug|Any CPU
		{EF9D9DFA-6D00-4FAF-9122-713269A4E0C2}.Debug|Any CPU.Build.0 = Debug|Any CPU
		{EF9D9DFA-6D00-4FAF-9122-713269A4E0C2}.Debug|Any CPU.Deploy.0 = Debug|Any CPU
		{EF9D9DFA-6D00-4FAF-9122-713269A4E0C2}.Release|Any CPU.ActiveCfg = Release|Any CPU
		{EF9D9DFA-6D00-4FAF-9122-713269A4E0C2}.Release|Any CPU.Build.0 = Release|Any CPU
		{EF9D9DFA-6D00-4FAF-9122-713269A4E0C2}.Release|Any CPU.Deploy.0 = Release|Any CPU
	EndGlobalSection
	GlobalSection(SolutionProperties) = preSolution
		HideSolutionNode = FALSE
	EndGlobalSection
	GlobalSection(ExtensibilityGlobals) = postSolution
		SolutionGuid = {E7FD08D4-CB97-4B0E-A066-EF32E0AD8515}
	EndGlobalSection
EndGlobal
