
Microsoft Visual Studio Solution File, Format Version 12.00
# Visual Studio Version 17
VisualStudioVersion = 17.1.32328.378
MinimumVisualStudioVersion = 10.0.40219.1
Project("{9A19103F-16F7-4668-BE54-9A1E7A4F7556}") = "WebApi", "WebApi\WebApi.csproj", "{70276054-3682-447C-8FAF-80799C330A53}"
EndProject
Project("{9A19103F-16F7-4668-BE54-9A1E7A4F7556}") = "Tests", "Tests\Tests.csproj", "{EF496C99-5235-498D-B640-165C4A0A6045}"
EndProject
Project("{9A19103F-16F7-4668-BE54-9A1E7A4F7556}") = "CdcClient", "CdcClient\CdcClient.csproj", "{D78FB83C-E2E1-433F-9895-BCAF1E04C4B8}"
EndProject
Project("{9A19103F-16F7-4668-BE54-9A1E7A4F7556}") = "CdcClientTests", "CdcClientTests\CdcClientTests.csproj", "{EDDE10DD-5B97-430F-9527-128EBF77C955}"
EndProject
Project("{2150E333-8FDC-42A3-9474-1A3956D46DE8}") = "Cdc", "Cdc", "{AC8E0EE9-E6FE-4639-97F9-37C01D079D07}"
EndProject
Global
	GlobalSection(SolutionConfigurationPlatforms) = preSolution
		Debug|Any CPU = Debug|Any CPU
		Release|Any CPU = Release|Any CPU
	EndGlobalSection
	GlobalSection(ProjectConfigurationPlatforms) = postSolution
		{70276054-3682-447C-8FAF-80799C330A53}.Debug|Any CPU.ActiveCfg = Debug|Any CPU
		{70276054-3682-447C-8FAF-80799C330A53}.Debug|Any CPU.Build.0 = Debug|Any CPU
		{70276054-3682-447C-8FAF-80799C330A53}.Release|Any CPU.ActiveCfg = Release|Any CPU
		{70276054-3682-447C-8FAF-80799C330A53}.Release|Any CPU.Build.0 = Release|Any CPU
		{EF496C99-5235-498D-B640-165C4A0A6045}.Debug|Any CPU.ActiveCfg = Debug|Any CPU
		{EF496C99-5235-498D-B640-165C4A0A6045}.Debug|Any CPU.Build.0 = Debug|Any CPU
		{EF496C99-5235-498D-B640-165C4A0A6045}.Release|Any CPU.ActiveCfg = Release|Any CPU
		{EF496C99-5235-498D-B640-165C4A0A6045}.Release|Any CPU.Build.0 = Release|Any CPU
		{D78FB83C-E2E1-433F-9895-BCAF1E04C4B8}.Debug|Any CPU.ActiveCfg = Debug|Any CPU
		{D78FB83C-E2E1-433F-9895-BCAF1E04C4B8}.Debug|Any CPU.Build.0 = Debug|Any CPU
		{D78FB83C-E2E1-433F-9895-BCAF1E04C4B8}.Release|Any CPU.ActiveCfg = Release|Any CPU
		{D78FB83C-E2E1-433F-9895-BCAF1E04C4B8}.Release|Any CPU.Build.0 = Release|Any CPU
		{EDDE10DD-5B97-430F-9527-128EBF77C955}.Debug|Any CPU.ActiveCfg = Debug|Any CPU
		{EDDE10DD-5B97-430F-9527-128EBF77C955}.Debug|Any CPU.Build.0 = Debug|Any CPU
		{EDDE10DD-5B97-430F-9527-128EBF77C955}.Release|Any CPU.ActiveCfg = Release|Any CPU
		{EDDE10DD-5B97-430F-9527-128EBF77C955}.Release|Any CPU.Build.0 = Release|Any CPU
	EndGlobalSection
	GlobalSection(SolutionProperties) = preSolution
		HideSolutionNode = FALSE
	EndGlobalSection
	GlobalSection(NestedProjects) = preSolution
		{D78FB83C-E2E1-433F-9895-BCAF1E04C4B8} = {AC8E0EE9-E6FE-4639-97F9-37C01D079D07}
		{EDDE10DD-5B97-430F-9527-128EBF77C955} = {AC8E0EE9-E6FE-4639-97F9-37C01D079D07}
	EndGlobalSection
	GlobalSection(ExtensibilityGlobals) = postSolution
		SolutionGuid = {B752EE14-95D5-4C45-A2B3-ABBBAB691009}
	EndGlobalSection
EndGlobal
